
Microsoft Visual Studio Solution File, Format Version 12.00
# Visual Studio Version 16
VisualStudioVersion = 16.0.32602.291
MinimumVisualStudioVersion = 10.0.40219.1
Project("{FAE04EC0-301F-11D3-BF4B-00C04F79EFBC}") = "ConsoleApp1", "ConsoleApp1.csproj", "{26A1CE2D-33B1-4DC8-8C77-A76517D7A087}"
EndProject
Global
	GlobalSection(SolutionConfigurationPlatforms) = preSolution
		Debug|Any CPU = Debug|Any CPU
		Release|Any CPU = Release|Any CPU
	EndGlobalSection
	GlobalSection(ProjectConfigurationPlatforms) = postSolution
		{26A1CE2D-33B1-4DC8-8C77-A76517D7A087}.Debug|Any CPU.ActiveCfg = Debug|Any CPU
		{26A1CE2D-33B1-4DC8-8C77-A76517D7A087}.Debug|Any CPU.Build.0 = Debug|Any CPU
		{26A1CE2D-33B1-4DC8-8C77-A76517D7A087}.Release|Any CPU.ActiveCfg = Release|Any CPU
		{26A1CE2D-33B1-4DC8-8C77-A76517D7A087}.Release|Any CPU.Build.0 = Release|Any CPU
	EndGlobalSection
	GlobalSection(SolutionProperties) = preSolution
		HideSolutionNode = FALSE
	EndGlobalSection
	GlobalSection(ExtensibilityGlobals) = postSolution
		SolutionGuid = {CE7314E6-525C-470B-9B53-69AB11C71EAD}
	EndGlobalSection
EndGlobal
